
Microsoft Visual Studio Solution File, Format Version 12.00
# Visual Studio Version 17
VisualStudioVersion = 17.11.35327.3
MinimumVisualStudioVersion = 10.0.40219.1
Project("{FAE04EC0-301F-11D3-BF4B-00C04F79EFBC}") = "Iwanov Egor Pract 2", "Iwanov Egor Pract 2.csproj", "{40AA6401-0CAB-4AEE-869B-F437ED8DB8ED}"
EndProject
Global
	GlobalSection(SolutionConfigurationPlatforms) = preSolution
		Debug|Any CPU = Debug|Any CPU
		Release|Any CPU = Release|Any CPU
	EndGlobalSection
	GlobalSection(ProjectConfigurationPlatforms) = postSolution
		{40AA6401-0CAB-4AEE-869B-F437ED8DB8ED}.Debug|Any CPU.ActiveCfg = Debug|Any CPU
		{40AA6401-0CAB-4AEE-869B-F437ED8DB8ED}.Debug|Any CPU.Build.0 = Debug|Any CPU
		{40AA6401-0CAB-4AEE-869B-F437ED8DB8ED}.Release|Any CPU.ActiveCfg = Release|Any CPU
		{40AA6401-0CAB-4AEE-869B-F437ED8DB8ED}.Release|Any CPU.Build.0 = Release|Any CPU
	EndGlobalSection
	GlobalSection(SolutionProperties) = preSolution
		HideSolutionNode = FALSE
	EndGlobalSection
	GlobalSection(ExtensibilityGlobals) = postSolution
		SolutionGuid = {53FE3FCD-2D3D-4F89-983F-002A01FB10B1}
	EndGlobalSection
EndGlobal
